
Microsoft Visual Studio Solution File, Format Version 12.00
# Visual Studio 15
VisualStudioVersion = 15.0.26430.15
MinimumVisualStudioVersion = 10.0.40219.1
Project("{FAE04EC0-301F-11D3-BF4B-00C04F79EFBC}") = "ChallengeSimpleDarts", "ChallengeSimpleDarts\ChallengeSimpleDarts.csproj", "{BA388D97-512B-4E97-9ADA-170617ECBE88}"
EndProject
Project("{FAE04EC0-301F-11D3-BF4B-00C04F79EFBC}") = "Darts", "Darts\Darts.csproj", "{0A0A87C7-909F-4B43-8311-0DC0C5608638}"
EndProject
Global
	GlobalSection(SolutionConfigurationPlatforms) = preSolution
		Debug|Any CPU = Debug|Any CPU
		Release|Any CPU = Release|Any CPU
	EndGlobalSection
	GlobalSection(ProjectConfigurationPlatforms) = postSolution
		{BA388D97-512B-4E97-9ADA-170617ECBE88}.Debug|Any CPU.ActiveCfg = Debug|Any CPU
		{BA388D97-512B-4E97-9ADA-170617ECBE88}.Debug|Any CPU.Build.0 = Debug|Any CPU
		{BA388D97-512B-4E97-9ADA-170617ECBE88}.Release|Any CPU.ActiveCfg = Release|Any CPU
		{BA388D97-512B-4E97-9ADA-170617ECBE88}.Release|Any CPU.Build.0 = Release|Any CPU
		{0A0A87C7-909F-4B43-8311-0DC0C5608638}.Debug|Any CPU.ActiveCfg = Debug|Any CPU
		{0A0A87C7-909F-4B43-8311-0DC0C5608638}.Debug|Any CPU.Build.0 = Debug|Any CPU
		{0A0A87C7-909F-4B43-8311-0DC0C5608638}.Release|Any CPU.ActiveCfg = Release|Any CPU
		{0A0A87C7-909F-4B43-8311-0DC0C5608638}.Release|Any CPU.Build.0 = Release|Any CPU
	EndGlobalSection
	GlobalSection(SolutionProperties) = preSolution
		HideSolutionNode = FALSE
	EndGlobalSection
EndGlobal
